{
  "name": "ChatBot",
  "lockfileVersion": 3,
  "requires": true,
  "packages": {
    "": {
      "dependencies": {
        "llamaai": "^1.0.4"
      }
    },
    "node_modules/llamaai": {
      "version": "1.0.4",
      "resolved": "https://registry.npmjs.org/llamaai/-/llamaai-1.0.4.tgz",
      "integrity": "sha512-Y54Yn1EkLIVKn2kCUbU9kqGX/vhBh0Swan2tu4os8xuy88axOr3h6UKJiI0H2kfY3P/DVVmKuNTdmzLoW90CJA=="
    }
  }
}
